
Microsoft Visual Studio Solution File, Format Version 12.00
# Visual Studio 15
VisualStudioVersion = 15.0.27130.2024
MinimumVisualStudioVersion = 10.0.40219.1
Project("{FAE04EC0-301F-11D3-BF4B-00C04F79EFBC}") = "AppForms.Android", "AppForms\AppForms.Android\AppForms.Android.csproj", "{4CF27283-53BD-4611-B82D-40FD06C65970}"
EndProject
Project("{FAE04EC0-301F-11D3-BF4B-00C04F79EFBC}") = "AppForms.iOS", "AppForms\AppForms.iOS\AppForms.iOS.csproj", "{D892A704-EB30-4F82-9FE4-2FDA3C4A4274}"
EndProject
Project("{FAE04EC0-301F-11D3-BF4B-00C04F79EFBC}") = "AppForms", "AppForms\AppForms\AppForms.csproj", "{E337972B-D145-40FF-948C-1CE61E9F398E}"
EndProject
Global
	GlobalSection(SolutionConfigurationPlatforms) = preSolution
		Ad-Hoc|Any CPU = Ad-Hoc|Any CPU
		Ad-Hoc|iPhone = Ad-Hoc|iPhone
		Ad-Hoc|iPhoneSimulator = Ad-Hoc|iPhoneSimulator
		AppStore|Any CPU = AppStore|Any CPU
		AppStore|iPhone = AppStore|iPhone
		AppStore|iPhoneSimulator = AppStore|iPhoneSimulator
		Debug|Any CPU = Debug|Any CPU
		Debug|iPhone = Debug|iPhone
		Debug|iPhoneSimulator = Debug|iPhoneSimulator
		Release|Any CPU = Release|Any CPU
		Release|iPhone = Release|iPhone
		Release|iPhoneSimulator = Release|iPhoneSimulator
	EndGlobalSection
	GlobalSection(ProjectConfigurationPlatforms) = postSolution
		{4CF27283-53BD-4611-B82D-40FD06C65970}.Ad-Hoc|Any CPU.ActiveCfg = Release|Any CPU
		{4CF27283-53BD-4611-B82D-40FD06C65970}.Ad-Hoc|Any CPU.Build.0 = Release|Any CPU
		{4CF27283-53BD-4611-B82D-40FD06C65970}.Ad-Hoc|Any CPU.Deploy.0 = Release|Any CPU
		{4CF27283-53BD-4611-B82D-40FD06C65970}.Ad-Hoc|iPhone.ActiveCfg = Release|Any CPU
		{4CF27283-53BD-4611-B82D-40FD06C65970}.Ad-Hoc|iPhone.Build.0 = Release|Any CPU
		{4CF27283-53BD-4611-B82D-40FD06C65970}.Ad-Hoc|iPhone.Deploy.0 = Release|Any CPU
		{4CF27283-53BD-4611-B82D-40FD06C65970}.Ad-Hoc|iPhoneSimulator.ActiveCfg = Release|Any CPU
		{4CF27283-53BD-4611-B82D-40FD06C65970}.Ad-Hoc|iPhoneSimulator.Build.0 = Release|Any CPU
		{4CF27283-53BD-4611-B82D-40FD06C65970}.Ad-Hoc|iPhoneSimulator.Deploy.0 = Release|Any CPU
		{4CF27283-53BD-4611-B82D-40FD06C65970}.AppStore|Any CPU.ActiveCfg = Release|Any CPU
		{4CF27283-53BD-4611-B82D-40FD06C65970}.AppStore|Any CPU.Build.0 = Release|Any CPU
		{4CF27283-53BD-4611-B82D-40FD06C65970}.AppStore|Any CPU.Deploy.0 = Release|Any CPU
		{4CF27283-53BD-4611-B82D-40FD06C65970}.AppStore|iPhone.ActiveCfg = Release|Any CPU
		{4CF27283-53BD-4611-B82D-40FD06C65970}.AppStore|iPhone.Build.0 = Release|Any CPU
		{4CF27283-53BD-4611-B82D-40FD06C65970}.AppStore|iPhone.Deploy.0 = Release|Any CPU
		{4CF27283-53BD-4611-B82D-40FD06C65970}.AppStore|iPhoneSimulator.ActiveCfg = Release|Any CPU
		{4CF27283-53BD-4611-B82D-40FD06C65970}.AppStore|iPhoneSimulator.Build.0 = Release|Any CPU
		{4CF27283-53BD-4611-B82D-40FD06C65970}.AppStore|iPhoneSimulator.Deploy.0 = Release|Any CPU
		{4CF27283-53BD-4611-B82D-40FD06C65970}.Debug|Any CPU.ActiveCfg = Debug|Any CPU
		{4CF27283-53BD-4611-B82D-40FD06C65970}.Debug|Any CPU.Build.0 = Debug|Any CPU
		{4CF27283-53BD-4611-B82D-40FD06C65970}.Debug|Any CPU.Deploy.0 = Debug|Any CPU
		{4CF27283-53BD-4611-B82D-40FD06C65970}.Debug|iPhone.ActiveCfg = Debug|Any CPU
		{4CF27283-53BD-4611-B82D-40FD06C65970}.Debug|iPhone.Build.0 = Debug|Any CPU
		{4CF27283-53BD-4611-B82D-40FD06C65970}.Debug|iPhone.Deploy.0 = Debug|Any CPU
		{4CF27283-53BD-4611-B82D-40FD06C65970}.Debug|iPhoneSimulator.ActiveCfg = Debug|Any CPU
		{4CF27283-53BD-4611-B82D-40FD06C65970}.Debug|iPhoneSimulator.Build.0 = Debug|Any CPU
		{4CF27283-53BD-4611-B82D-40FD06C65970}.Debug|iPhoneSimulator.Deploy.0 = Debug|Any CPU
		{4CF27283-53BD-4611-B82D-40FD06C65970}.Release|Any CPU.ActiveCfg = Release|Any CPU
		{4CF27283-53BD-4611-B82D-40FD06C65970}.Release|Any CPU.Build.0 = Release|Any CPU
		{4CF27283-53BD-4611-B82D-40FD06C65970}.Release|Any CPU.Deploy.0 = Release|Any CPU
		{4CF27283-53BD-4611-B82D-40FD06C65970}.Release|iPhone.ActiveCfg = Release|Any CPU
		{4CF27283-53BD-4611-B82D-40FD06C65970}.Release|iPhone.Build.0 = Release|Any CPU
		{4CF27283-53BD-4611-B82D-40FD06C65970}.Release|iPhone.Deploy.0 = Release|Any CPU
		{4CF27283-53BD-4611-B82D-40FD06C65970}.Release|iPhoneSimulator.ActiveCfg = Release|Any CPU
		{4CF27283-53BD-4611-B82D-40FD06C65970}.Release|iPhoneSimulator.Build.0 = Release|Any CPU
		{4CF27283-53BD-4611-B82D-40FD06C65970}.Release|iPhoneSimulator.Deploy.0 = Release|Any CPU
		{D892A704-EB30-4F82-9FE4-2FDA3C4A4274}.Ad-Hoc|Any CPU.ActiveCfg = Ad-Hoc|iPhone
		{D892A704-EB30-4F82-9FE4-2FDA3C4A4274}.Ad-Hoc|iPhone.ActiveCfg = Ad-Hoc|iPhone
		{D892A704-EB30-4F82-9FE4-2FDA3C4A4274}.Ad-Hoc|iPhone.Build.0 = Ad-Hoc|iPhone
		{D892A704-EB30-4F82-9FE4-2FDA3C4A4274}.Ad-Hoc|iPhoneSimulator.ActiveCfg = Ad-Hoc|iPhoneSimulator
		{D892A704-EB30-4F82-9FE4-2FDA3C4A4274}.Ad-Hoc|iPhoneSimulator.Build.0 = Ad-Hoc|iPhoneSimulator
		{D892A704-EB30-4F82-9FE4-2FDA3C4A4274}.AppStore|Any CPU.ActiveCfg = AppStore|iPhone
		{D892A704-EB30-4F82-9FE4-2FDA3C4A4274}.AppStore|iPhone.ActiveCfg = AppStore|iPhone
		{D892A704-EB30-4F82-9FE4-2FDA3C4A4274}.AppStore|iPhone.Build.0 = AppStore|iPhone
		{D892A704-EB30-4F82-9FE4-2FDA3C4A4274}.AppStore|iPhoneSimulator.ActiveCfg = AppStore|iPhoneSimulator
		{D892A704-EB30-4F82-9FE4-2FDA3C4A4274}.AppStore|iPhoneSimulator.Build.0 = AppStore|iPhoneSimulator
		{D892A704-EB30-4F82-9FE4-2FDA3C4A4274}.Debug|Any CPU.ActiveCfg = Debug|iPhone
		{D892A704-EB30-4F82-9FE4-2FDA3C4A4274}.Debug|iPhone.ActiveCfg = Debug|iPhone
		{D892A704-EB30-4F82-9FE4-2FDA3C4A4274}.Debug|iPhone.Build.0 = Debug|iPhone
		{D892A704-EB30-4F82-9FE4-2FDA3C4A4274}.Debug|iPhoneSimulator.ActiveCfg = Debug|iPhoneSimulator
		{D892A704-EB30-4F82-9FE4-2FDA3C4A4274}.Debug|iPhoneSimulator.Build.0 = Debug|iPhoneSimulator
		{D892A704-EB30-4F82-9FE4-2FDA3C4A4274}.Release|Any CPU.ActiveCfg = Release|iPhone
		{D892A704-EB30-4F82-9FE4-2FDA3C4A4274}.Release|iPhone.ActiveCfg = Release|iPhone
		{D892A704-EB30-4F82-9FE4-2FDA3C4A4274}.Release|iPhone.Build.0 = Release|iPhone
		{D892A704-EB30-4F82-9FE4-2FDA3C4A4274}.Release|iPhoneSimulator.ActiveCfg = Release|iPhoneSimulator
		{D892A704-EB30-4F82-9FE4-2FDA3C4A4274}.Release|iPhoneSimulator.Build.0 = Release|iPhoneSimulator
		{E337972B-D145-40FF-948C-1CE61E9F398E}.Ad-Hoc|Any CPU.ActiveCfg = Debug|Any CPU
		{E337972B-D145-40FF-948C-1CE61E9F398E}.Ad-Hoc|Any CPU.Build.0 = Debug|Any CPU
		{E337972B-D145-40FF-948C-1CE61E9F398E}.Ad-Hoc|iPhone.ActiveCfg = Debug|Any CPU
		{E337972B-D145-40FF-948C-1CE61E9F398E}.Ad-Hoc|iPhone.Build.0 = Debug|Any CPU
		{E337972B-D145-40FF-948C-1CE61E9F398E}.Ad-Hoc|iPhoneSimulator.ActiveCfg = Debug|Any CPU
		{E337972B-D145-40FF-948C-1CE61E9F398E}.Ad-Hoc|iPhoneSimulator.Build.0 = Debug|Any CPU
		{E337972B-D145-40FF-948C-1CE61E9F398E}.AppStore|Any CPU.ActiveCfg = Debug|Any CPU
		{E337972B-D145-40FF-948C-1CE61E9F398E}.AppStore|Any CPU.Build.0 = Debug|Any CPU
		{E337972B-D145-40FF-948C-1CE61E9F398E}.AppStore|iPhone.ActiveCfg = Debug|Any CPU
		{E337972B-D145-40FF-948C-1CE61E9F398E}.AppStore|iPhone.Build.0 = Debug|Any CPU
		{E337972B-D145-40FF-948C-1CE61E9F398E}.AppStore|iPhoneSimulator.ActiveCfg = Debug|Any CPU
		{E337972B-D145-40FF-948C-1CE61E9F398E}.AppStore|iPhoneSimulator.Build.0 = Debug|Any CPU
		{E337972B-D145-40FF-948C-1CE61E9F398E}.Debug|Any CPU.ActiveCfg = Debug|Any CPU
		{E337972B-D145-40FF-948C-1CE61E9F398E}.Debug|Any CPU.Build.0 = Debug|Any CPU
		{E337972B-D145-40FF-948C-1CE61E9F398E}.Debug|iPhone.ActiveCfg = Debug|Any CPU
		{E337972B-D145-40FF-948C-1CE61E9F398E}.Debug|iPhone.Build.0 = Debug|Any CPU
		{E337972B-D145-40FF-948C-1CE61E9F398E}.Debug|iPhoneSimulator.ActiveCfg = Debug|Any CPU
		{E337972B-D145-40FF-948C-1CE61E9F398E}.Debug|iPhoneSimulator.Build.0 = Debug|Any CPU
		{E337972B-D145-40FF-948C-1CE61E9F398E}.Release|Any CPU.ActiveCfg = Release|Any CPU
		{E337972B-D145-40FF-948C-1CE61E9F398E}.Release|Any CPU.Build.0 = Release|Any CPU
		{E337972B-D145-40FF-948C-1CE61E9F398E}.Release|iPhone.ActiveCfg = Release|Any CPU
		{E337972B-D145-40FF-948C-1CE61E9F398E}.Release|iPhone.Build.0 = Release|Any CPU
		{E337972B-D145-40FF-948C-1CE61E9F398E}.Release|iPhoneSimulator.ActiveCfg = Release|Any CPU
		{E337972B-D145-40FF-948C-1CE61E9F398E}.Release|iPhoneSimulator.Build.0 = Release|Any CPU
	EndGlobalSection
	GlobalSection(SolutionProperties) = preSolution
		HideSolutionNode = FALSE
	EndGlobalSection
	GlobalSection(ExtensibilityGlobals) = postSolution
		SolutionGuid = {7C39D848-AF42-4A0C-9B9B-41200A901CBF}
	EndGlobalSection
EndGlobal
